
Microsoft Visual Studio Solution File, Format Version 12.00
# Visual Studio Version 16
VisualStudioVersion = 16.0.31005.135
MinimumVisualStudioVersion = 10.0.40219.1
Project("{9A19103F-16F7-4668-BE54-9A1E7A4F7556}") = "MessHall", "MessHall\MessHall.csproj", "{A090A049-E977-4412-9023-FAF9E0EF4247}"
EndProject
Global
	GlobalSection(SolutionConfigurationPlatforms) = preSolution
		Debug|Any CPU = Debug|Any CPU
		Release|Any CPU = Release|Any CPU
	EndGlobalSection
	GlobalSection(ProjectConfigurationPlatforms) = postSolution
		{A090A049-E977-4412-9023-FAF9E0EF4247}.Debug|Any CPU.ActiveCfg = Debug|Any CPU
		{A090A049-E977-4412-9023-FAF9E0EF4247}.Debug|Any CPU.Build.0 = Debug|Any CPU
		{A090A049-E977-4412-9023-FAF9E0EF4247}.Release|Any CPU.ActiveCfg = Release|Any CPU
		{A090A049-E977-4412-9023-FAF9E0EF4247}.Release|Any CPU.Build.0 = Release|Any CPU
	EndGlobalSection
	GlobalSection(SolutionProperties) = preSolution
		HideSolutionNode = FALSE
	EndGlobalSection
	GlobalSection(ExtensibilityGlobals) = postSolution
		SolutionGuid = {2B18E5F9-A77A-43A1-942F-958DE89FA605}
	EndGlobalSection
EndGlobal
